<?xml version="1.0" encoding="UTF-8" standalone="yes" ?>
<CodeBlocks_project_file>
	<FileVersion major="1" minor="6" />
	<Project>
		<Option title="NBL" />
		<Option pch_mode="2" />
		<Option compiler="gcc" />
		<Build>
			<Target title="Debug">
				<Option output="../bin/Debug/NBL" prefix_auto="1" extension_auto="1" />
				<Option working_dir="" />
				<Option object_output="../bin/Debug/" />
				<Option type="2" />
				<Option compiler="gcc" />
				<Option createDefFile="1" />
				<Compiler>
					<Add option="-Wall" />
					<Add option="-g" />
					<Add directory="Management" />
					<Add directory="Stream" />
				</Compiler>
			</Target>
			<Target title="Release">
				<Option output="bin/Release/NBL" prefix_auto="1" extension_auto="1" />
				<Option working_dir="" />
				<Option object_output="obj/Release/" />
				<Option type="2" />
				<Option compiler="gcc" />
				<Option createDefFile="1" />
				<Compiler>
					<Add option="-Wall" />
					<Add option="-O2" />
					<Add directory="Management" />
					<Add directory="Stream" />
				</Compiler>
				<Linker>
					<Add option="-s" />
				</Linker>
			</Target>
		</Build>
		<Compiler>
			<Add option="-std=c++11" />
			<Add option="-m32" />
			<Add directory="/mnt/programming/proj/Nobel-Base/src/" />
		</Compiler>
		<Linker>
			<Add option="-m32" />
		</Linker>
		<Unit filename="Data/Array.h" />
		<Unit filename="Data/List.h" />
		<Unit filename="Data/NString.cpp" />
		<Unit filename="Data/NString.h" />
		<Unit filename="Management/Log.cpp" />
		<Unit filename="Management/Log.h" />
		<Unit filename="Management/NException.cpp" />
		<Unit filename="Management/NException.h" />
		<Unit filename="Math/Math.cpp" />
		<Unit filename="Math/Math.h" />
		<Unit filename="NBL.h" />
		<Unit filename="Stream/NFile.cpp" />
		<Unit filename="Stream/NFile.h" />
		<Unit filename="Stream/NStream.cpp" />
		<Unit filename="Stream/NStream.h" />
		<Unit filename="def.h" />
		<Extensions>
			<envvars />
			<code_completion />
			<debugger />
			<lib_finder disable_auto="1" />
		</Extensions>
	</Project>
</CodeBlocks_project_file>
